
Microsoft Visual Studio Solution File, Format Version 12.00
# Visual Studio 15
VisualStudioVersion = 15.0.28010.2046
MinimumVisualStudioVersion = 10.0.40219.1
Project("{FAE04EC0-301F-11D3-BF4B-00C04F79EFBC}") = "WebApp", "WebApp\WebApp.csproj", "{7D8BDA1D-F766-4DA5-8052-8A1765442E67}"
EndProject
Project("{FAE04EC0-301F-11D3-BF4B-00C04F79EFBC}") = "DB", "DB\DB.csproj", "{FA2D5CBA-5E6D-429F-A095-847308F463D6}"
EndProject
Project("{FAE04EC0-301F-11D3-BF4B-00C04F79EFBC}") = "DAL", "DAL\DAL.csproj", "{B2AC7CA9-C9A5-4A86-BA9A-83004723F321}"
EndProject
Project("{FAE04EC0-301F-11D3-BF4B-00C04F79EFBC}") = "DAL.Tests", "DAL.Tests\DAL.Tests.csproj", "{34EA92F7-CCE6-44CA-A266-9C199F01C0F7}"
EndProject
Global
	GlobalSection(SolutionConfigurationPlatforms) = preSolution
		Debug|Any CPU = Debug|Any CPU
		Release|Any CPU = Release|Any CPU
	EndGlobalSection
	GlobalSection(ProjectConfigurationPlatforms) = postSolution
		{7D8BDA1D-F766-4DA5-8052-8A1765442E67}.Debug|Any CPU.ActiveCfg = Debug|Any CPU
		{7D8BDA1D-F766-4DA5-8052-8A1765442E67}.Debug|Any CPU.Build.0 = Debug|Any CPU
		{7D8BDA1D-F766-4DA5-8052-8A1765442E67}.Release|Any CPU.ActiveCfg = Release|Any CPU
		{7D8BDA1D-F766-4DA5-8052-8A1765442E67}.Release|Any CPU.Build.0 = Release|Any CPU
		{FA2D5CBA-5E6D-429F-A095-847308F463D6}.Debug|Any CPU.ActiveCfg = Debug|Any CPU
		{FA2D5CBA-5E6D-429F-A095-847308F463D6}.Debug|Any CPU.Build.0 = Debug|Any CPU
		{FA2D5CBA-5E6D-429F-A095-847308F463D6}.Release|Any CPU.ActiveCfg = Release|Any CPU
		{FA2D5CBA-5E6D-429F-A095-847308F463D6}.Release|Any CPU.Build.0 = Release|Any CPU
		{B2AC7CA9-C9A5-4A86-BA9A-83004723F321}.Debug|Any CPU.ActiveCfg = Debug|Any CPU
		{B2AC7CA9-C9A5-4A86-BA9A-83004723F321}.Debug|Any CPU.Build.0 = Debug|Any CPU
		{B2AC7CA9-C9A5-4A86-BA9A-83004723F321}.Release|Any CPU.ActiveCfg = Release|Any CPU
		{B2AC7CA9-C9A5-4A86-BA9A-83004723F321}.Release|Any CPU.Build.0 = Release|Any CPU
		{34EA92F7-CCE6-44CA-A266-9C199F01C0F7}.Debug|Any CPU.ActiveCfg = Debug|Any CPU
		{34EA92F7-CCE6-44CA-A266-9C199F01C0F7}.Debug|Any CPU.Build.0 = Debug|Any CPU
		{34EA92F7-CCE6-44CA-A266-9C199F01C0F7}.Release|Any CPU.ActiveCfg = Release|Any CPU
		{34EA92F7-CCE6-44CA-A266-9C199F01C0F7}.Release|Any CPU.Build.0 = Release|Any CPU
	EndGlobalSection
	GlobalSection(SolutionProperties) = preSolution
		HideSolutionNode = FALSE
	EndGlobalSection
	GlobalSection(ExtensibilityGlobals) = postSolution
		SolutionGuid = {E4B35832-71C8-4F47-8937-EEC010746252}
	EndGlobalSection
EndGlobal
